// !$*UTF8*$!
{
	archiveVersion = 1;
	classes = {
	};
	objectVersion = 46;
	objects = {

/* Begin PBXBuildFile section */
		78BB24F51AB9890100631CF9 /* main.m in Sources */ = {isa = PBXBuildFile; fileRef = 78BB24F41AB9890100631CF9 /* main.m */; };
		78BB24F81AB9890100631CF9 /* AppDelegate.m in Sources */ = {isa = PBXBuildFile; fileRef = 78BB24F71AB9890100631CF9 /* AppDelegate.m */; };
		78BB24FB1AB9890100631CF9 /* ViewController.m in Sources */ = {isa = PBXBuildFile; fileRef = 78BB24FA1AB9890100631CF9 /* ViewController.m */; };
		78BB24FE1AB9890100631CF9 /* Main.storyboard in Resources */ = {isa = PBXBuildFile; fileRef = 78BB24FC1AB9890100631CF9 /* Main.storyboard */; };
		78BB25001AB9890100631CF9 /* Images.xcassets in Resources */ = {isa = PBXBuildFile; fileRef = 78BB24FF1AB9890100631CF9 /* Images.xcassets */; };
		78BB25031AB9890100631CF9 /* LaunchScreen.xib in Resources */ = {isa = PBXBuildFile; fileRef = 78BB25011AB9890100631CF9 /* LaunchScreen.xib */; };
		78BB250F1AB9890100631CF9 /* DropitTests.m in Sources */ = {isa = PBXBuildFile; fileRef = 78BB250E1AB9890100631CF9 /* DropitTests.m */; };
		78BB251A1AB999E800631CF9 /* DropitBehavior.m in Sources */ = {isa = PBXBuildFile; fileRef = 78BB25191AB999E800631CF9 /* DropitBehavior.m */; };
		78BB251D1AB9BE8F00631CF9 /* BezierPathView.m in Sources */ = {isa = PBXBuildFile; fileRef = 78BB251C1AB9BE8F00631CF9 /* BezierPathView.m */; };
/* End PBXBuildFile section */

/* Begin PBXContainerItemProxy section */
		78BB25091AB9890100631CF9 /* PBXContainerItemProxy */ = {
			isa = PBXContainerItemProxy;
			containerPortal = 78BB24E71AB9890100631CF9 /* Project object */;
			proxyType = 1;
			remoteGlobalIDString = 78BB24EE1AB9890100631CF9;
			remoteInfo = Dropit;
		};
/* End PBXContainerItemProxy section */

/* Begin PBXFileReference section */
		78BB24EF1AB9890100631CF9 /* Dropit.app */ = {isa = PBXFileReference; explicitFileType = wrapper.application; includeInIndex = 0; path = Dropit.app; sourceTree = BUILT_PRODUCTS_DIR; };
		78BB24F31AB9890100631CF9 /* Info.plist */ = {isa = PBXFileReference; lastKnownFileType = text.plist.xml; path = Info.plist; sourceTree = "<group>"; };
		78BB24F41AB9890100631CF9 /* main.m */ = {isa = PBXFileReference; lastKnownFileType = sourcecode.c.objc; path = main.m; sourceTree = "<group>"; };
		78BB24F61AB9890100631CF9 /* AppDelegate.h */ = {isa = PBXFileReference; lastKnownFileType = sourcecode.c.h; path = AppDelegate.h; sourceTree = "<group>"; };
		78BB24F71AB9890100631CF9 /* AppDelegate.m */ = {isa = PBXFileReference; lastKnownFileType = sourcecode.c.objc; path = AppDelegate.m; sourceTree = "<group>"; };
		78BB24F91AB9890100631CF9 /* ViewController.h */ = {isa = PBXFileReference; lastKnownFileType = sourcecode.c.h; path = ViewController.h; sourceTree = "<group>"; };
		78BB24FA1AB9890100631CF9 /* ViewController.m */ = {isa = PBXFileReference; lastKnownFileType = sourcecode.c.objc; path = ViewController.m; sourceTree = "<group>"; };
		78BB24FD1AB9890100631CF9 /* Base */ = {isa = PBXFileReference; lastKnownFileType = file.storyboard; name = Base; path = Base.lproj/Main.storyboard; sourceTree = "<group>"; };
		78BB24FF1AB9890100631CF9 /* Images.xcassets */ = {isa = PBXFileReference; lastKnownFileType = folder.assetcatalog; path = Images.xcassets; sourceTree = "<group>"; };
		78BB25021AB9890100631CF9 /* Base */ = {isa = PBXFileReference; lastKnownFileType = file.xib; name = Base; path = Base.lproj/LaunchScreen.xib; sourceTree = "<group>"; };
		78BB25081AB9890100631CF9 /* DropitTests.xctest */ = {isa = PBXFileReference; explicitFileType = wrapper.cfbundle; includeInIndex = 0; path = DropitTests.xctest; sourceTree = BUILT_PRODUCTS_DIR; };
		78BB250D1AB9890100631CF9 /* Info.plist */ = {isa = PBXFileReference; lastKnownFileType = text.plist.xml; path = Info.plist; sourceTree = "<group>"; };
		78BB250E1AB9890100631CF9 /* DropitTests.m */ = {isa = PBXFileReference; lastKnownFileType = sourcecode.c.objc; path = DropitTests.m; sourceTree = "<group>"; };
		78BB25181AB999E800631CF9 /* DropitBehavior.h */ = {isa = PBXFileReference; fileEncoding = 4; lastKnownFileType = sourcecode.c.h; path = DropitBehavior.h; sourceTree = "<group>"; };
		78BB25191AB999E800631CF9 /* DropitBehavior.m */ = {isa = PBXFileReference; fileEncoding = 4; lastKnownFileType = sourcecode.c.objc; path = DropitBehavior.m; sourceTree = "<group>"; };
		78BB251B1AB9BE8F00631CF9 /* BezierPathView.h */ = {isa = PBXFileReference; fileEncoding = 4; lastKnownFileType = sourcecode.c.h; path = BezierPathView.h; sourceTree = "<group>"; };
		78BB251C1AB9BE8F00631CF9 /* BezierPathView.m */ = {isa = PBXFileReference; fileEncoding = 4; lastKnownFileType = sourcecode.c.objc; path = BezierPathView.m; sourceTree = "<group>"; };
/* End PBXFileReference section */

/* Begin PBXFrameworksBuildPhase section */
		78BB24EC1AB9890100631CF9 /* Frameworks */ = {
			isa = PBXFrameworksBuildPhase;
			buildActionMask = 2147483647;
			files = (
			);
			runOnlyForDeploymentPostprocessing = 0;
		};
		78BB25051AB9890100631CF9 /* Frameworks */ = {
			isa = PBXFrameworksBuildPhase;
			buildActionMask = 2147483647;
			files = (
			);
			runOnlyForDeploymentPostprocessing = 0;
		};
/* End PBXFrameworksBuildPhase section */

/* Begin PBXGroup section */
		78BB24E61AB9890100631CF9 = {
			isa = PBXGroup;
			children = (
				78BB24F11AB9890100631CF9 /* Dropit */,
				78BB250B1AB9890100631CF9 /* DropitTests */,
				78BB24F01AB9890100631CF9 /* Products */,
			);
			sourceTree = "<group>";
		};
		78BB24F01AB9890100631CF9 /* Products */ = {
			isa = PBXGroup;
			children = (
				78BB24EF1AB9890100631CF9 /* Dropit.app */,
				78BB25081AB9890100631CF9 /* DropitTests.xctest */,
			);
			name = Products;
			sourceTree = "<group>";
		};
		78BB24F11AB9890100631CF9 /* Dropit */ = {
			isa = PBXGroup;
			children = (
				78BB24F91AB9890100631CF9 /* ViewController.h */,
				78BB24FA1AB9890100631CF9 /* ViewController.m */,
				78BB24FC1AB9890100631CF9 /* Main.storyboard */,
				78BB251B1AB9BE8F00631CF9 /* BezierPathView.h */,
				78BB251C1AB9BE8F00631CF9 /* BezierPathView.m */,
				78BB25181AB999E800631CF9 /* DropitBehavior.h */,
				78BB25191AB999E800631CF9 /* DropitBehavior.m */,
				78BB24FF1AB9890100631CF9 /* Images.xcassets */,
				78BB25011AB9890100631CF9 /* LaunchScreen.xib */,
				78BB24F21AB9890100631CF9 /* Supporting Files */,
			);
			path = Dropit;
			sourceTree = "<group>";
		};
		78BB24F21AB9890100631CF9 /* Supporting Files */ = {
			isa = PBXGroup;
			children = (
				78BB24F61AB9890100631CF9 /* AppDelegate.h */,
				78BB24F71AB9890100631CF9 /* AppDelegate.m */,
				78BB24F31AB9890100631CF9 /* Info.plist */,
				78BB24F41AB9890100631CF9 /* main.m */,
			);
			name = "Supporting Files";
			sourceTree = "<group>";
		};
		78BB250B1AB9890100631CF9 /* DropitTests */ = {
			isa = PBXGroup;
			children = (
				78BB250E1AB9890100631CF9 /* DropitTests.m */,
				78BB250C1AB9890100631CF9 /* Supporting Files */,
			);
			path = DropitTests;
			sourceTree = "<group>";
		};
		78BB250C1AB9890100631CF9 /* Supporting Files */ = {
			isa = PBXGroup;
			children = (
				78BB250D1AB9890100631CF9 /* Info.plist */,
			);
			name = "Supporting Files";
			sourceTree = "<group>";
		};
/* End PBXGroup section */

/* Begin PBXNativeTarget section */
		78BB24EE1AB9890100631CF9 /* Dropit */ = {
			isa = PBXNativeTarget;
			buildConfigurationList = 78BB25121AB9890100631CF9 /* Build configuration list for PBXNativeTarget "Dropit" */;
			buildPhases = (
				78BB24EB1AB9890100631CF9 /* Sources */,
				78BB24EC1AB9890100631CF9 /* Frameworks */,
				78BB24ED1AB9890100631CF9 /* Resources */,
			);
			buildRules = (
			);
			dependencies = (
			);
			name = Dropit;
			productName = Dropit;
			productReference = 78BB24EF1AB9890100631CF9 /* Dropit.app */;
			productType = "com.apple.product-type.application";
		};
		78BB25071AB9890100631CF9 /* DropitTests */ = {
			isa = PBXNativeTarget;
			buildConfigurationList = 78BB25151AB9890100631CF9 /* Build configuration list for PBXNativeTarget "DropitTests" */;
			buildPhases = (
				78BB25041AB9890100631CF9 /* Sources */,
				78BB25051AB9890100631CF9 /* Frameworks */,
				78BB25061AB9890100631CF9 /* Resources */,
			);
			buildRules = (
			);
			dependencies = (
				78BB250A1AB9890100631CF9 /* PBXTargetDependency */,
			);
			name = DropitTests;
			productName = DropitTests;
			productReference = 78BB25081AB9890100631CF9 /* DropitTests.xctest */;
			productType = "com.apple.product-type.bundle.unit-test";
		};
/* End PBXNativeTarget section */

/* Begin PBXProject section */
		78BB24E71AB9890100631CF9 /* Project object */ = {
			isa = PBXProject;
			attributes = {
				LastUpgradeCheck = 0620;
				ORGANIZATIONNAME = Igor;
				TargetAttributes = {
					78BB24EE1AB9890100631CF9 = {
						CreatedOnToolsVersion = 6.2;
					};
					78BB25071AB9890100631CF9 = {
						CreatedOnToolsVersion = 6.2;
						TestTargetID = 78BB24EE1AB9890100631CF9;
					};
				};
			};
			buildConfigurationList = 78BB24EA1AB9890100631CF9 /* Build configuration list for PBXProject "Dropit" */;
			compatibilityVersion = "Xcode 3.2";
			developmentRegion = English;
			hasScannedForEncodings = 0;
			knownRegions = (
				en,
				Base,
			);
			mainGroup = 78BB24E61AB9890100631CF9;
			productRefGroup = 78BB24F01AB9890100631CF9 /* Products */;
			projectDirPath = "";
			projectRoot = "";
			targets = (
				78BB24EE1AB9890100631CF9 /* Dropit */,
				78BB25071AB9890100631CF9 /* DropitTests */,
			);
		};
/* End PBXProject section */

/* Begin PBXResourcesBuildPhase section */
		78BB24ED1AB9890100631CF9 /* Resources */ = {
			isa = PBXResourcesBuildPhase;
			buildActionMask = 2147483647;
			files = (
				78BB24FE1AB9890100631CF9 /* Main.storyboard in Resources */,
				78BB25031AB9890100631CF9 /* LaunchScreen.xib in Resources */,
				78BB25001AB9890100631CF9 /* Images.xcassets in Resources */,
			);
			runOnlyForDeploymentPostprocessing = 0;
		};
		78BB25061AB9890100631CF9 /* Resources */ = {
			isa = PBXResourcesBuildPhase;
			buildActionMask = 2147483647;
			files = (
			);
			runOnlyForDeploymentPostprocessing = 0;
		};
/* End PBXResourcesBuildPhase section */

/* Begin PBXSourcesBuildPhase section */
		78BB24EB1AB9890100631CF9 /* Sources */ = {
			isa = PBXSourcesBuildPhase;
			buildActionMask = 2147483647;
			files = (
				78BB24FB1AB9890100631CF9 /* ViewController.m in Sources */,
				78BB251A1AB999E800631CF9 /* DropitBehavior.m in Sources */,
				78BB251D1AB9BE8F00631CF9 /* BezierPathView.m in Sources */,
				78BB24F81AB9890100631CF9 /* AppDelegate.m in Sources */,
				78BB24F51AB9890100631CF9 /* main.m in Sources */,
			);
			runOnlyForDeploymentPostprocessing = 0;
		};
		78BB25041AB9890100631CF9 /* Sources */ = {
			isa = PBXSourcesBuildPhase;
			buildActionMask = 2147483647;
			files = (
				78BB250F1AB9890100631CF9 /* DropitTests.m in Sources */,
			);
			runOnlyForDeploymentPostprocessing = 0;
		};
/* End PBXSourcesBuildPhase section */

/* Begin PBXTargetDependency section */
		78BB250A1AB9890100631CF9 /* PBXTargetDependency */ = {
			isa = PBXTargetDependency;
			target = 78BB24EE1AB9890100631CF9 /* Dropit */;
			targetProxy = 78BB25091AB9890100631CF9 /* PBXContainerItemProxy */;
		};
/* End PBXTargetDependency section */

/* Begin PBXVariantGroup section */
		78BB24FC1AB9890100631CF9 /* Main.storyboard */ = {
			isa = PBXVariantGroup;
			children = (
				78BB24FD1AB9890100631CF9 /* Base */,
			);
			name = Main.storyboard;
			sourceTree = "<group>";
		};
		78BB25011AB9890100631CF9 /* LaunchScreen.xib */ = {
			isa = PBXVariantGroup;
			children = (
				78BB25021AB9890100631CF9 /* Base */,
			);
			name = LaunchScreen.xib;
			sourceTree = "<group>";
		};
/* End PBXVariantGroup section */

/* Begin XCBuildConfiguration section */
		78BB25101AB9890100631CF9 /* Debug */ = {
			isa = XCBuildConfiguration;
			buildSettings = {
				ALWAYS_SEARCH_USER_PATHS = NO;
				CLANG_CXX_LANGUAGE_STANDARD = "gnu++0x";
				CLANG_CXX_LIBRARY = "libc++";
				CLANG_ENABLE_MODULES = YES;
				CLANG_ENABLE_OBJC_ARC = YES;
				CLANG_WARN_BOOL_CONVERSION = YES;
				CLANG_WARN_CONSTANT_CONVERSION = YES;
				CLANG_WARN_DIRECT_OBJC_ISA_USAGE = YES_ERROR;
				CLANG_WARN_EMPTY_BODY = YES;
				CLANG_WARN_ENUM_CONVERSION = YES;
				CLANG_WARN_INT_CONVERSION = YES;
				CLANG_WARN_OBJC_ROOT_CLASS = YES_ERROR;
				CLANG_WARN_UNREACHABLE_CODE = YES;
				CLANG_WARN__DUPLICATE_METHOD_MATCH = YES;
				"CODE_SIGN_IDENTITY[sdk=iphoneos*]" = "iPhone Developer";
				COPY_PHASE_STRIP = NO;
				ENABLE_STRICT_OBJC_MSGSEND = YES;
				GCC_C_LANGUAGE_STANDARD = gnu99;
				GCC_DYNAMIC_NO_PIC = NO;
				GCC_OPTIMIZATION_LEVEL = 0;
				GCC_PREPROCESSOR_DEFINITIONS = (
					"DEBUG=1",
					"$(inherited)",
				);
				GCC_SYMBOLS_PRIVATE_EXTERN = NO;
				GCC_WARN_64_TO_32_BIT_CONVERSION = YES;
				GCC_WARN_ABOUT_RETURN_TYPE = YES_ERROR;
				GCC_WARN_UNDECLARED_SELECTOR = YES;
				GCC_WARN_UNINITIALIZED_AUTOS = YES_AGGRESSIVE;
				GCC_WARN_UNUSED_FUNCTION = YES;
				GCC_WARN_UNUSED_VARIABLE = YES;
				IPHONEOS_DEPLOYMENT_TARGET = 8.2;
				MTL_ENABLE_DEBUG_INFO = YES;
				ONLY_ACTIVE_ARCH = YES;
				SDKROOT = iphoneos;
			};
			name = Debug;
		};
		78BB25111AB9890100631CF9 /* Release */ = {
			isa = XCBuildConfiguration;
			buildSettings = {
				ALWAYS_SEARCH_USER_PATHS = NO;
				CLANG_CXX_LANGUAGE_STANDARD = "gnu++0x";
				CLANG_CXX_LIBRARY = "libc++";
				CLANG_ENABLE_MODULES = YES;
				CLANG_ENABLE_OBJC_ARC = YES;
				CLANG_WARN_BOOL_CONVERSION = YES;
				CLANG_WARN_CONSTANT_CONVERSION = YES;
				CLANG_WARN_DIRECT_OBJC_ISA_USAGE = YES_ERROR;
				CLANG_WARN_EMPTY_BODY = YES;
				CLANG_WARN_ENUM_CONVERSION = YES;
				CLANG_WARN_INT_CONVERSION = YES;
				CLANG_WARN_OBJC_ROOT_CLASS = YES_ERROR;
				CLANG_WARN_UNREACHABLE_CODE = YES;
				CLANG_WARN__DUPLICATE_METHOD_MATCH = YES;
				"CODE_SIGN_IDENTITY[sdk=iphoneos*]" = "iPhone Developer";
				COPY_PHASE_STRIP = NO;
				ENABLE_NS_ASSERTIONS = NO;
				ENABLE_STRICT_OBJC_MSGSEND = YES;
				GCC_C_LANGUAGE_STANDARD = gnu99;
				GCC_WARN_64_TO_32_BIT_CONVERSION = YES;
				GCC_WARN_ABOUT_RETURN_TYPE = YES_ERROR;
				GCC_WARN_UNDECLARED_SELECTOR = YES;
				GCC_WARN_UNINITIALIZED_AUTOS = YES_AGGRESSIVE;
				GCC_WARN_UNUSED_FUNCTION = YES;
				GCC_WARN_UNUSED_VARIABLE = YES;
				IPHONEOS_DEPLOYMENT_TARGET = 8.2;
				MTL_ENABLE_DEBUG_INFO = NO;
				SDKROOT = iphoneos;
				VALIDATE_PRODUCT = YES;
			};
			name = Release;
		};
		78BB25131AB9890100631CF9 /* Debug */ = {
			isa = XCBuildConfiguration;
			buildSettings = {
				ASSETCATALOG_COMPILER_APPICON_NAME = AppIcon;
				INFOPLIST_FILE = Dropit/Info.plist;
				LD_RUNPATH_SEARCH_PATHS = "$(inherited) @executable_path/Frameworks";
				PRODUCT_NAME = "$(TARGET_NAME)";
			};
			name = Debug;
		};
		78BB25141AB9890100631CF9 /* Release */ = {
			isa = XCBuildConfiguration;
			buildSettings = {
				ASSETCATALOG_COMPILER_APPICON_NAME = AppIcon;
				INFOPLIST_FILE = Dropit/Info.plist;
				LD_RUNPATH_SEARCH_PATHS = "$(inherited) @executable_path/Frameworks";
				PRODUCT_NAME = "$(TARGET_NAME)";
			};
			name = Release;
		};
		78BB25161AB9890100631CF9 /* Debug */ = {
			isa = XCBuildConfiguration;
			buildSettings = {
				BUNDLE_LOADER = "$(TEST_HOST)";
				FRAMEWORK_SEARCH_PATHS = (
					"$(SDKROOT)/Developer/Library/Frameworks",
					"$(inherited)",
				);
				GCC_PREPROCESSOR_DEFINITIONS = (
					"DEBUG=1",
					"$(inherited)",
				);
				INFOPLIST_FILE = DropitTests/Info.plist;
				LD_RUNPATH_SEARCH_PATHS = "$(inherited) @executable_path/Frameworks @loader_path/Frameworks";
				PRODUCT_NAME = "$(TARGET_NAME)";
				TEST_HOST = "$(BUILT_PRODUCTS_DIR)/Dropit.app/Dropit";
			};
			name = Debug;
		};
		78BB25171AB9890100631CF9 /* Release */ = {
			isa = XCBuildConfiguration;
			buildSettings = {
				BUNDLE_LOADER = "$(TEST_HOST)";
				FRAMEWORK_SEARCH_PATHS = (
					"$(SDKROOT)/Developer/Library/Frameworks",
					"$(inherited)",
				);
				INFOPLIST_FILE = DropitTests/Info.plist;
				LD_RUNPATH_SEARCH_PATHS = "$(inherited) @executable_path/Frameworks @loader_path/Frameworks";
				PRODUCT_NAME = "$(TARGET_NAME)";
				TEST_HOST = "$(BUILT_PRODUCTS_DIR)/Dropit.app/Dropit";
			};
			name = Release;
		};
/* End XCBuildConfiguration section */

/* Begin XCConfigurationList section */
		78BB24EA1AB9890100631CF9 /* Build configuration list for PBXProject "Dropit" */ = {
			isa = XCConfigurationList;
			buildConfigurations = (
				78BB25101AB9890100631CF9 /* Debug */,
				78BB25111AB9890100631CF9 /* Release */,
			);
			defaultConfigurationIsVisible = 0;
			defaultConfigurationName = Release;
		};
		78BB25121AB9890100631CF9 /* Build configuration list for PBXNativeTarget "Dropit" */ = {
			isa = XCConfigurationList;
			buildConfigurations = (
				78BB25131AB9890100631CF9 /* Debug */,
				78BB25141AB9890100631CF9 /* Release */,
			);
			defaultConfigurationIsVisible = 0;
		};
		78BB25151AB9890100631CF9 /* Build configuration list for PBXNativeTarget "DropitTests" */ = {
			isa = XCConfigurationList;
			buildConfigurations = (
				78BB25161AB9890100631CF9 /* Debug */,
				78BB25171AB9890100631CF9 /* Release */,
			);
			defaultConfigurationIsVisible = 0;
		};
/* End XCConfigurationList section */
	};
	rootObject = 78BB24E71AB9890100631CF9 /* Project object */;
}
